// !$*UTF8*$!
{
	archiveVersion = 1;
	classes = {
	};
	objectVersion = 51;
	objects = {

/* Begin PBXBuildFile section */
		A606D39E244DE4E00043B5B3 /* AppDelegate.swift in Sources */ = {isa = PBXBuildFile; fileRef = A606D39D244DE4E00043B5B3 /* AppDelegate.swift */; };
		A606D3AA244DE4E20043B5B3 /* LaunchScreen.storyboard in Resources */ = {isa = PBXBuildFile; fileRef = A606D3A8244DE4E20043B5B3 /* LaunchScreen.storyboard */; };
		A606D3B5244DE4E20043B5B3 /* SPHTech_AssignmentTests.swift in Sources */ = {isa = PBXBuildFile; fileRef = A606D3B4244DE4E20043B5B3 /* SPHTech_AssignmentTests.swift */; };
		A606D3C0244DE4E20043B5B3 /* SPHTech_AssignmentUITests.swift in Sources */ = {isa = PBXBuildFile; fileRef = A606D3BF244DE4E20043B5B3 /* SPHTech_AssignmentUITests.swift */; };
		A6936800244DEA3E00B51A03 /* NetworkClient.swift in Sources */ = {isa = PBXBuildFile; fileRef = A69367D5244DEA3E00B51A03 /* NetworkClient.swift */; };
		A6936801244DEA3E00B51A03 /* APIEndpoint.swift in Sources */ = {isa = PBXBuildFile; fileRef = A69367D6244DEA3E00B51A03 /* APIEndpoint.swift */; };
		A6936803244DEA3E00B51A03 /* NetworkError.swift in Sources */ = {isa = PBXBuildFile; fileRef = A69367D9244DEA3E00B51A03 /* NetworkError.swift */; };
		A6936804244DEA3E00B51A03 /* NetworkConfiguration.swift in Sources */ = {isa = PBXBuildFile; fileRef = A69367DA244DEA3E00B51A03 /* NetworkConfiguration.swift */; };
		A6936805244DEA3E00B51A03 /* UIViewController+Ext.swift in Sources */ = {isa = PBXBuildFile; fileRef = A69367DC244DEA3E00B51A03 /* UIViewController+Ext.swift */; };
		A6936809244DEA3E00B51A03 /* PresenterInterface.swift in Sources */ = {isa = PBXBuildFile; fileRef = A69367E3244DEA3E00B51A03 /* PresenterInterface.swift */; };
		A693680A244DEA3E00B51A03 /* BaseViewController.swift in Sources */ = {isa = PBXBuildFile; fileRef = A69367E5244DEA3E00B51A03 /* BaseViewController.swift */; };
		A693680B244DEA3E00B51A03 /* ViewInterface.swift in Sources */ = {isa = PBXBuildFile; fileRef = A69367E6244DEA3E00B51A03 /* ViewInterface.swift */; };
		A693680C244DEA3E00B51A03 /* NavigationController.swift in Sources */ = {isa = PBXBuildFile; fileRef = A69367E7244DEA3E00B51A03 /* NavigationController.swift */; };
		A693680D244DEA3E00B51A03 /* NavigationRouter.swift in Sources */ = {isa = PBXBuildFile; fileRef = A69367E9244DEA3E00B51A03 /* NavigationRouter.swift */; };
		A693680E244DEA3E00B51A03 /* RouterInterfaces.swift in Sources */ = {isa = PBXBuildFile; fileRef = A69367EA244DEA3E00B51A03 /* RouterInterfaces.swift */; };
		A693680F244DEA3E00B51A03 /* ViewRouter.swift in Sources */ = {isa = PBXBuildFile; fileRef = A69367EB244DEA3E00B51A03 /* ViewRouter.swift */; };
		A6936810244DEA3E00B51A03 /* Logger.swift in Sources */ = {isa = PBXBuildFile; fileRef = A69367ED244DEA3E00B51A03 /* Logger.swift */; };
		A6936811244DEA3E00B51A03 /* NameDescribable.swift in Sources */ = {isa = PBXBuildFile; fileRef = A69367EE244DEA3E00B51A03 /* NameDescribable.swift */; };
		A6936813244DEA3E00B51A03 /* Assets.xcassets in Resources */ = {isa = PBXBuildFile; fileRef = A69367F1244DEA3E00B51A03 /* Assets.xcassets */; };
		A6936814244DEA3E00B51A03 /* APIConfiguration.plist in Resources */ = {isa = PBXBuildFile; fileRef = A69367F2244DEA3E00B51A03 /* APIConfiguration.plist */; };
		A6936821244DEBF200B51A03 /* Reachablility.swift in Sources */ = {isa = PBXBuildFile; fileRef = A6936820244DEBF200B51A03 /* Reachablility.swift */; };
		A6936823244DEC2100B51A03 /* UITableView+Ext.swift in Sources */ = {isa = PBXBuildFile; fileRef = A6936822244DEC2100B51A03 /* UITableView+Ext.swift */; };
		A6936825244DEC3000B51A03 /* UIView+Ext.swift in Sources */ = {isa = PBXBuildFile; fileRef = A6936824244DEC3000B51A03 /* UIView+Ext.swift */; };
		A6936828244DEC4E00B51A03 /* UIFont+Ext.swift in Sources */ = {isa = PBXBuildFile; fileRef = A6936826244DEC4E00B51A03 /* UIFont+Ext.swift */; };
		A6936829244DEC4E00B51A03 /* UIColor+Ext.swift in Sources */ = {isa = PBXBuildFile; fileRef = A6936827244DEC4E00B51A03 /* UIColor+Ext.swift */; };
		A693682B244DEC5F00B51A03 /* Dispatch+Ext.swift in Sources */ = {isa = PBXBuildFile; fileRef = A693682A244DEC5E00B51A03 /* Dispatch+Ext.swift */; };
		A693682D244DEC6700B51A03 /* Collection+Ext.swift in Sources */ = {isa = PBXBuildFile; fileRef = A693682C244DEC6700B51A03 /* Collection+Ext.swift */; };
		A693682F244DEC7B00B51A03 /* Constraints.swift in Sources */ = {isa = PBXBuildFile; fileRef = A693682E244DEC7B00B51A03 /* Constraints.swift */; };
		A6936831244DF01600B51A03 /* QuarterRecord.swift in Sources */ = {isa = PBXBuildFile; fileRef = A6936830244DF01600B51A03 /* QuarterRecord.swift */; };
		A6936833244DF02500B51A03 /* YearRecord.swift in Sources */ = {isa = PBXBuildFile; fileRef = A6936832244DF02500B51A03 /* YearRecord.swift */; };
		A6936835244DF7C100B51A03 /* MobileNetworkEndpoint.swift in Sources */ = {isa = PBXBuildFile; fileRef = A6936834244DF7C100B51A03 /* MobileNetworkEndpoint.swift */; };
		A693683D244E86A400B51A03 /* MobileDataInterfaces.swift in Sources */ = {isa = PBXBuildFile; fileRef = A6936837244E86A400B51A03 /* MobileDataInterfaces.swift */; };
		A693683E244E86A400B51A03 /* MobileDataPresenter.swift in Sources */ = {isa = PBXBuildFile; fileRef = A6936838244E86A400B51A03 /* MobileDataPresenter.swift */; };
		A693683F244E86A400B51A03 /* MobileDataRouter.swift in Sources */ = {isa = PBXBuildFile; fileRef = A6936839244E86A400B51A03 /* MobileDataRouter.swift */; };
		A6936840244E86A400B51A03 /* MobileDataDependency.swift in Sources */ = {isa = PBXBuildFile; fileRef = A693683A244E86A400B51A03 /* MobileDataDependency.swift */; };
		A6936841244E86A400B51A03 /* MobileDataViewController.swift in Sources */ = {isa = PBXBuildFile; fileRef = A693683B244E86A400B51A03 /* MobileDataViewController.swift */; };
		A6936842244E86A400B51A03 /* MobileDataInteractor.swift in Sources */ = {isa = PBXBuildFile; fileRef = A693683C244E86A400B51A03 /* MobileDataInteractor.swift */; };
		A6936845244E95B600B51A03 /* MobileDataCell.swift in Sources */ = {isa = PBXBuildFile; fileRef = A6936844244E95B600B51A03 /* MobileDataCell.swift */; };
		A6936847244E975100B51A03 /* QuartersStackView.swift in Sources */ = {isa = PBXBuildFile; fileRef = A6936846244E975100B51A03 /* QuartersStackView.swift */; };
		A6936849244EB98E00B51A03 /* MobileDataResponse.swift in Sources */ = {isa = PBXBuildFile; fileRef = A6936848244EB98E00B51A03 /* MobileDataResponse.swift */; };
		D6FAC7E3383F0C7E57B14DB9 /* Pods_SPHTech_AssignmentTests.framework in Frameworks */ = {isa = PBXBuildFile; fileRef = DDF00E871DC54D2633CD2D4E /* Pods_SPHTech_AssignmentTests.framework */; };
		D98CCC8574D4381A2D0890EB /* Pods_SPHTech_Assignment.framework in Frameworks */ = {isa = PBXBuildFile; fileRef = 382C0E6BBF97097E8D4BF3FE /* Pods_SPHTech_Assignment.framework */; };
		DA9DC2AA971088262012E6E4 /* Pods_SPHTech_AssignmentUITests.framework in Frameworks */ = {isa = PBXBuildFile; fileRef = FC8DD8B8FA6CDE1B94C27E68 /* Pods_SPHTech_AssignmentUITests.framework */; };
/* End PBXBuildFile section */

/* Begin PBXContainerItemProxy section */
		A606D3B1244DE4E20043B5B3 /* PBXContainerItemProxy */ = {
			isa = PBXContainerItemProxy;
			containerPortal = A606D392244DE4E00043B5B3 /* Project object */;
			proxyType = 1;
			remoteGlobalIDString = A606D399244DE4E00043B5B3;
			remoteInfo = "SPHTech-Assignment";
		};
		A606D3BC244DE4E20043B5B3 /* PBXContainerItemProxy */ = {
			isa = PBXContainerItemProxy;
			containerPortal = A606D392244DE4E00043B5B3 /* Project object */;
			proxyType = 1;
			remoteGlobalIDString = A606D399244DE4E00043B5B3;
			remoteInfo = "SPHTech-Assignment";
		};
/* End PBXContainerItemProxy section */

/* Begin PBXFileReference section */
		1D38D9E486A309A4057B3F8A /* Pods-SPHTech-Assignment.release.xcconfig */ = {isa = PBXFileReference; includeInIndex = 1; lastKnownFileType = text.xcconfig; name = "Pods-SPHTech-Assignment.release.xcconfig"; path = "Target Support Files/Pods-SPHTech-Assignment/Pods-SPHTech-Assignment.release.xcconfig"; sourceTree = "<group>"; };
		382C0E6BBF97097E8D4BF3FE /* Pods_SPHTech_Assignment.framework */ = {isa = PBXFileReference; explicitFileType = wrapper.framework; includeInIndex = 0; path = Pods_SPHTech_Assignment.framework; sourceTree = BUILT_PRODUCTS_DIR; };
		5228CA6492A6DCA067E64EA1 /* Pods-SPHTech-Assignment.debug.xcconfig */ = {isa = PBXFileReference; includeInIndex = 1; lastKnownFileType = text.xcconfig; name = "Pods-SPHTech-Assignment.debug.xcconfig"; path = "Target Support Files/Pods-SPHTech-Assignment/Pods-SPHTech-Assignment.debug.xcconfig"; sourceTree = "<group>"; };
		77BD5F8F2F6F018B63BD1418 /* Pods-SPHTech-AssignmentTests.release.xcconfig */ = {isa = PBXFileReference; includeInIndex = 1; lastKnownFileType = text.xcconfig; name = "Pods-SPHTech-AssignmentTests.release.xcconfig"; path = "Target Support Files/Pods-SPHTech-AssignmentTests/Pods-SPHTech-AssignmentTests.release.xcconfig"; sourceTree = "<group>"; };
		A606D39A244DE4E00043B5B3 /* SPHTech-Assignment.app */ = {isa = PBXFileReference; explicitFileType = wrapper.application; includeInIndex = 0; path = "SPHTech-Assignment.app"; sourceTree = BUILT_PRODUCTS_DIR; };
		A606D39D244DE4E00043B5B3 /* AppDelegate.swift */ = {isa = PBXFileReference; lastKnownFileType = sourcecode.swift; path = AppDelegate.swift; sourceTree = "<group>"; };
		A606D3A9244DE4E20043B5B3 /* Base */ = {isa = PBXFileReference; lastKnownFileType = file.storyboard; name = Base; path = Base.lproj/LaunchScreen.storyboard; sourceTree = "<group>"; };
		A606D3AB244DE4E20043B5B3 /* Info.plist */ = {isa = PBXFileReference; lastKnownFileType = text.plist.xml; path = Info.plist; sourceTree = "<group>"; };
		A606D3B0244DE4E20043B5B3 /* SPHTech-AssignmentTests.xctest */ = {isa = PBXFileReference; explicitFileType = wrapper.cfbundle; includeInIndex = 0; path = "SPHTech-AssignmentTests.xctest"; sourceTree = BUILT_PRODUCTS_DIR; };
		A606D3B4244DE4E20043B5B3 /* SPHTech_AssignmentTests.swift */ = {isa = PBXFileReference; lastKnownFileType = sourcecode.swift; path = SPHTech_AssignmentTests.swift; sourceTree = "<group>"; };
		A606D3B6244DE4E20043B5B3 /* Info.plist */ = {isa = PBXFileReference; lastKnownFileType = text.plist.xml; path = Info.plist; sourceTree = "<group>"; };
		A606D3BB244DE4E20043B5B3 /* SPHTech-AssignmentUITests.xctest */ = {isa = PBXFileReference; explicitFileType = wrapper.cfbundle; includeInIndex = 0; path = "SPHTech-AssignmentUITests.xctest"; sourceTree = BUILT_PRODUCTS_DIR; };
		A606D3BF244DE4E20043B5B3 /* SPHTech_AssignmentUITests.swift */ = {isa = PBXFileReference; lastKnownFileType = sourcecode.swift; path = SPHTech_AssignmentUITests.swift; sourceTree = "<group>"; };
		A606D3C1244DE4E20043B5B3 /* Info.plist */ = {isa = PBXFileReference; lastKnownFileType = text.plist.xml; path = Info.plist; sourceTree = "<group>"; };
		A69367D5244DEA3E00B51A03 /* NetworkClient.swift */ = {isa = PBXFileReference; fileEncoding = 4; lastKnownFileType = sourcecode.swift; path = NetworkClient.swift; sourceTree = "<group>"; };
		A69367D6244DEA3E00B51A03 /* APIEndpoint.swift */ = {isa = PBXFileReference; fileEncoding = 4; lastKnownFileType = sourcecode.swift; path = APIEndpoint.swift; sourceTree = "<group>"; };
		A69367D9244DEA3E00B51A03 /* NetworkError.swift */ = {isa = PBXFileReference; fileEncoding = 4; lastKnownFileType = sourcecode.swift; path = NetworkError.swift; sourceTree = "<group>"; };
		A69367DA244DEA3E00B51A03 /* NetworkConfiguration.swift */ = {isa = PBXFileReference; fileEncoding = 4; lastKnownFileType = sourcecode.swift; path = NetworkConfiguration.swift; sourceTree = "<group>"; };
		A69367DC244DEA3E00B51A03 /* UIViewController+Ext.swift */ = {isa = PBXFileReference; fileEncoding = 4; lastKnownFileType = sourcecode.swift; path = "UIViewController+Ext.swift"; sourceTree = "<group>"; };
		A69367E3244DEA3E00B51A03 /* PresenterInterface.swift */ = {isa = PBXFileReference; fileEncoding = 4; lastKnownFileType = sourcecode.swift; path = PresenterInterface.swift; sourceTree = "<group>"; };
		A69367E5244DEA3E00B51A03 /* BaseViewController.swift */ = {isa = PBXFileReference; fileEncoding = 4; lastKnownFileType = sourcecode.swift; path = BaseViewController.swift; sourceTree = "<group>"; };
		A69367E6244DEA3E00B51A03 /* ViewInterface.swift */ = {isa = PBXFileReference; fileEncoding = 4; lastKnownFileType = sourcecode.swift; path = ViewInterface.swift; sourceTree = "<group>"; };
		A69367E7244DEA3E00B51A03 /* NavigationController.swift */ = {isa = PBXFileReference; fileEncoding = 4; lastKnownFileType = sourcecode.swift; path = NavigationController.swift; sourceTree = "<group>"; };
		A69367E9244DEA3E00B51A03 /* NavigationRouter.swift */ = {isa = PBXFileReference; fileEncoding = 4; lastKnownFileType = sourcecode.swift; path = NavigationRouter.swift; sourceTree = "<group>"; };
		A69367EA244DEA3E00B51A03 /* RouterInterfaces.swift */ = {isa = PBXFileReference; fileEncoding = 4; lastKnownFileType = sourcecode.swift; path = RouterInterfaces.swift; sourceTree = "<group>"; };
		A69367EB244DEA3E00B51A03 /* ViewRouter.swift */ = {isa = PBXFileReference; fileEncoding = 4; lastKnownFileType = sourcecode.swift; path = ViewRouter.swift; sourceTree = "<group>"; };
		A69367ED244DEA3E00B51A03 /* Logger.swift */ = {isa = PBXFileReference; fileEncoding = 4; lastKnownFileType = sourcecode.swift; path = Logger.swift; sourceTree = "<group>"; };
		A69367EE244DEA3E00B51A03 /* NameDescribable.swift */ = {isa = PBXFileReference; fileEncoding = 4; lastKnownFileType = sourcecode.swift; path = NameDescribable.swift; sourceTree = "<group>"; };
		A69367F1244DEA3E00B51A03 /* Assets.xcassets */ = {isa = PBXFileReference; lastKnownFileType = folder.assetcatalog; path = Assets.xcassets; sourceTree = "<group>"; };
		A69367F2244DEA3E00B51A03 /* APIConfiguration.plist */ = {isa = PBXFileReference; fileEncoding = 4; lastKnownFileType = text.plist.xml; path = APIConfiguration.plist; sourceTree = "<group>"; };
		A6936820244DEBF200B51A03 /* Reachablility.swift */ = {isa = PBXFileReference; fileEncoding = 4; lastKnownFileType = sourcecode.swift; path = Reachablility.swift; sourceTree = "<group>"; };
		A6936822244DEC2100B51A03 /* UITableView+Ext.swift */ = {isa = PBXFileReference; fileEncoding = 4; lastKnownFileType = sourcecode.swift; path = "UITableView+Ext.swift"; sourceTree = "<group>"; };
		A6936824244DEC3000B51A03 /* UIView+Ext.swift */ = {isa = PBXFileReference; fileEncoding = 4; lastKnownFileType = sourcecode.swift; path = "UIView+Ext.swift"; sourceTree = "<group>"; };
		A6936826244DEC4E00B51A03 /* UIFont+Ext.swift */ = {isa = PBXFileReference; fileEncoding = 4; lastKnownFileType = sourcecode.swift; path = "UIFont+Ext.swift"; sourceTree = "<group>"; };
		A6936827244DEC4E00B51A03 /* UIColor+Ext.swift */ = {isa = PBXFileReference; fileEncoding = 4; lastKnownFileType = sourcecode.swift; path = "UIColor+Ext.swift"; sourceTree = "<group>"; };
		A693682A244DEC5E00B51A03 /* Dispatch+Ext.swift */ = {isa = PBXFileReference; fileEncoding = 4; lastKnownFileType = sourcecode.swift; path = "Dispatch+Ext.swift"; sourceTree = "<group>"; };
		A693682C244DEC6700B51A03 /* Collection+Ext.swift */ = {isa = PBXFileReference; fileEncoding = 4; lastKnownFileType = sourcecode.swift; path = "Collection+Ext.swift"; sourceTree = "<group>"; };
		A693682E244DEC7B00B51A03 /* Constraints.swift */ = {isa = PBXFileReference; fileEncoding = 4; lastKnownFileType = sourcecode.swift; path = Constraints.swift; sourceTree = "<group>"; };
		A6936830244DF01600B51A03 /* QuarterRecord.swift */ = {isa = PBXFileReference; lastKnownFileType = sourcecode.swift; path = QuarterRecord.swift; sourceTree = "<group>"; };
		A6936832244DF02500B51A03 /* YearRecord.swift */ = {isa = PBXFileReference; lastKnownFileType = sourcecode.swift; path = YearRecord.swift; sourceTree = "<group>"; };
		A6936834244DF7C100B51A03 /* MobileNetworkEndpoint.swift */ = {isa = PBXFileReference; lastKnownFileType = sourcecode.swift; path = MobileNetworkEndpoint.swift; sourceTree = "<group>"; };
		A6936837244E86A400B51A03 /* MobileDataInterfaces.swift */ = {isa = PBXFileReference; lastKnownFileType = sourcecode.swift; path = MobileDataInterfaces.swift; sourceTree = "<group>"; };
		A6936838244E86A400B51A03 /* MobileDataPresenter.swift */ = {isa = PBXFileReference; lastKnownFileType = sourcecode.swift; path = MobileDataPresenter.swift; sourceTree = "<group>"; };
		A6936839244E86A400B51A03 /* MobileDataRouter.swift */ = {isa = PBXFileReference; lastKnownFileType = sourcecode.swift; path = MobileDataRouter.swift; sourceTree = "<group>"; };
		A693683A244E86A400B51A03 /* MobileDataDependency.swift */ = {isa = PBXFileReference; lastKnownFileType = sourcecode.swift; path = MobileDataDependency.swift; sourceTree = "<group>"; };
		A693683B244E86A400B51A03 /* MobileDataViewController.swift */ = {isa = PBXFileReference; lastKnownFileType = sourcecode.swift; path = MobileDataViewController.swift; sourceTree = "<group>"; };
		A693683C244E86A400B51A03 /* MobileDataInteractor.swift */ = {isa = PBXFileReference; lastKnownFileType = sourcecode.swift; path = MobileDataInteractor.swift; sourceTree = "<group>"; };
		A6936844244E95B600B51A03 /* MobileDataCell.swift */ = {isa = PBXFileReference; lastKnownFileType = sourcecode.swift; path = MobileDataCell.swift; sourceTree = "<group>"; };
		A6936846244E975100B51A03 /* QuartersStackView.swift */ = {isa = PBXFileReference; lastKnownFileType = sourcecode.swift; path = QuartersStackView.swift; sourceTree = "<group>"; };
		A6936848244EB98E00B51A03 /* MobileDataResponse.swift */ = {isa = PBXFileReference; lastKnownFileType = sourcecode.swift; path = MobileDataResponse.swift; sourceTree = "<group>"; };
		BD485FA05875A965C5834399 /* Pods-SPHTech-AssignmentUITests.release.xcconfig */ = {isa = PBXFileReference; includeInIndex = 1; lastKnownFileType = text.xcconfig; name = "Pods-SPHTech-AssignmentUITests.release.xcconfig"; path = "Target Support Files/Pods-SPHTech-AssignmentUITests/Pods-SPHTech-AssignmentUITests.release.xcconfig"; sourceTree = "<group>"; };
		D236E0910C3BB8DC62B4E10A /* Pods-SPHTech-AssignmentUITests.debug.xcconfig */ = {isa = PBXFileReference; includeInIndex = 1; lastKnownFileType = text.xcconfig; name = "Pods-SPHTech-AssignmentUITests.debug.xcconfig"; path = "Target Support Files/Pods-SPHTech-AssignmentUITests/Pods-SPHTech-AssignmentUITests.debug.xcconfig"; sourceTree = "<group>"; };
		DDF00E871DC54D2633CD2D4E /* Pods_SPHTech_AssignmentTests.framework */ = {isa = PBXFileReference; explicitFileType = wrapper.framework; includeInIndex = 0; path = Pods_SPHTech_AssignmentTests.framework; sourceTree = BUILT_PRODUCTS_DIR; };
		F79476AC3929482DF94D008B /* Pods-SPHTech-AssignmentTests.debug.xcconfig */ = {isa = PBXFileReference; includeInIndex = 1; lastKnownFileType = text.xcconfig; name = "Pods-SPHTech-AssignmentTests.debug.xcconfig"; path = "Target Support Files/Pods-SPHTech-AssignmentTests/Pods-SPHTech-AssignmentTests.debug.xcconfig"; sourceTree = "<group>"; };
		FC8DD8B8FA6CDE1B94C27E68 /* Pods_SPHTech_AssignmentUITests.framework */ = {isa = PBXFileReference; explicitFileType = wrapper.framework; includeInIndex = 0; path = Pods_SPHTech_AssignmentUITests.framework; sourceTree = BUILT_PRODUCTS_DIR; };
/* End PBXFileReference section */

/* Begin PBXFrameworksBuildPhase section */
		A606D397244DE4E00043B5B3 /* Frameworks */ = {
			isa = PBXFrameworksBuildPhase;
			buildActionMask = 2147483647;
			files = (
				D98CCC8574D4381A2D0890EB /* Pods_SPHTech_Assignment.framework in Frameworks */,
			);
			runOnlyForDeploymentPostprocessing = 0;
		};
		A606D3AD244DE4E20043B5B3 /* Frameworks */ = {
			isa = PBXFrameworksBuildPhase;
			buildActionMask = 2147483647;
			files = (
				D6FAC7E3383F0C7E57B14DB9 /* Pods_SPHTech_AssignmentTests.framework in Frameworks */,
			);
			runOnlyForDeploymentPostprocessing = 0;
		};
		A606D3B8244DE4E20043B5B3 /* Frameworks */ = {
			isa = PBXFrameworksBuildPhase;
			buildActionMask = 2147483647;
			files = (
				DA9DC2AA971088262012E6E4 /* Pods_SPHTech_AssignmentUITests.framework in Frameworks */,
			);
			runOnlyForDeploymentPostprocessing = 0;
		};
/* End PBXFrameworksBuildPhase section */

/* Begin PBXGroup section */
		A606D391244DE4E00043B5B3 = {
			isa = PBXGroup;
			children = (
				A606D39C244DE4E00043B5B3 /* SPHTech-Assignment */,
				A606D3B3244DE4E20043B5B3 /* SPHTech-AssignmentTests */,
				A606D3BE244DE4E20043B5B3 /* SPHTech-AssignmentUITests */,
				A606D39B244DE4E00043B5B3 /* Products */,
				C3C0CDB30AC0E3B37FC0EF68 /* Pods */,
				DA5C09AC1DD8BE8A67A77D9A /* Frameworks */,
			);
			sourceTree = "<group>";
		};
		A606D39B244DE4E00043B5B3 /* Products */ = {
			isa = PBXGroup;
			children = (
				A606D39A244DE4E00043B5B3 /* SPHTech-Assignment.app */,
				A606D3B0244DE4E20043B5B3 /* SPHTech-AssignmentTests.xctest */,
				A606D3BB244DE4E20043B5B3 /* SPHTech-AssignmentUITests.xctest */,
			);
			name = Products;
			sourceTree = "<group>";
		};
		A606D39C244DE4E00043B5B3 /* SPHTech-Assignment */ = {
			isa = PBXGroup;
			children = (
				A69367D2244DEA3E00B51A03 /* Core */,
				A69367FD244DEA3E00B51A03 /* Models */,
				A69367F3244DEA3E00B51A03 /* Modules */,
				A69367F0244DEA3E00B51A03 /* Resources */,
				A606D39D244DE4E00043B5B3 /* AppDelegate.swift */,
				A606D3A8244DE4E20043B5B3 /* LaunchScreen.storyboard */,
				A606D3AB244DE4E20043B5B3 /* Info.plist */,
			);
			path = "SPHTech-Assignment";
			sourceTree = "<group>";
		};
		A606D3B3244DE4E20043B5B3 /* SPHTech-AssignmentTests */ = {
			isa = PBXGroup;
			children = (
				A606D3B4244DE4E20043B5B3 /* SPHTech_AssignmentTests.swift */,
				A606D3B6244DE4E20043B5B3 /* Info.plist */,
			);
			path = "SPHTech-AssignmentTests";
			sourceTree = "<group>";
		};
		A606D3BE244DE4E20043B5B3 /* SPHTech-AssignmentUITests */ = {
			isa = PBXGroup;
			children = (
				A606D3BF244DE4E20043B5B3 /* SPHTech_AssignmentUITests.swift */,
				A606D3C1244DE4E20043B5B3 /* Info.plist */,
			);
			path = "SPHTech-AssignmentUITests";
			sourceTree = "<group>";
		};
		A69367D2244DEA3E00B51A03 /* Core */ = {
			isa = PBXGroup;
			children = (
				A69367D3244DEA3E00B51A03 /* Networking */,
				A69367DB244DEA3E00B51A03 /* Extensions */,
				A69367E1244DEA3E00B51A03 /* VIPER */,
				A69367EC244DEA3E00B51A03 /* Helper */,
			);
			path = Core;
			sourceTree = "<group>";
		};
		A69367D3244DEA3E00B51A03 /* Networking */ = {
			isa = PBXGroup;
			children = (
				A69367FB244DEA3E00B51A03 /* Endpoints */,
				A69367D4244DEA3E00B51A03 /* BaseNetworking */,
			);
			path = Networking;
			sourceTree = "<group>";
		};
		A69367D4244DEA3E00B51A03 /* BaseNetworking */ = {
			isa = PBXGroup;
			children = (
				A6936820244DEBF200B51A03 /* Reachablility.swift */,
				A69367D5244DEA3E00B51A03 /* NetworkClient.swift */,
				A69367D6244DEA3E00B51A03 /* APIEndpoint.swift */,
				A69367D9244DEA3E00B51A03 /* NetworkError.swift */,
				A69367DA244DEA3E00B51A03 /* NetworkConfiguration.swift */,
			);
			path = BaseNetworking;
			sourceTree = "<group>";
		};
		A69367DB244DEA3E00B51A03 /* Extensions */ = {
			isa = PBXGroup;
			children = (
				A693682C244DEC6700B51A03 /* Collection+Ext.swift */,
				A693682A244DEC5E00B51A03 /* Dispatch+Ext.swift */,
				A6936827244DEC4E00B51A03 /* UIColor+Ext.swift */,
				A6936826244DEC4E00B51A03 /* UIFont+Ext.swift */,
				A69367DC244DEA3E00B51A03 /* UIViewController+Ext.swift */,
				A6936822244DEC2100B51A03 /* UITableView+Ext.swift */,
				A6936824244DEC3000B51A03 /* UIView+Ext.swift */,
			);
			path = Extensions;
			sourceTree = "<group>";
		};
		A69367E1244DEA3E00B51A03 /* VIPER */ = {
			isa = PBXGroup;
			children = (
				A69367E2244DEA3E00B51A03 /* Presenter */,
				A69367E4244DEA3E00B51A03 /* View */,
				A69367E8244DEA3E00B51A03 /* Router */,
			);
			path = VIPER;
			sourceTree = "<group>";
		};
		A69367E2244DEA3E00B51A03 /* Presenter */ = {
			isa = PBXGroup;
			children = (
				A69367E3244DEA3E00B51A03 /* PresenterInterface.swift */,
			);
			path = Presenter;
			sourceTree = "<group>";
		};
		A69367E4244DEA3E00B51A03 /* View */ = {
			isa = PBXGroup;
			children = (
				A69367E5244DEA3E00B51A03 /* BaseViewController.swift */,
				A69367E6244DEA3E00B51A03 /* ViewInterface.swift */,
				A69367E7244DEA3E00B51A03 /* NavigationController.swift */,
			);
			path = View;
			sourceTree = "<group>";
		};
		A69367E8244DEA3E00B51A03 /* Router */ = {
			isa = PBXGroup;
			children = (
				A69367E9244DEA3E00B51A03 /* NavigationRouter.swift */,
				A69367EA244DEA3E00B51A03 /* RouterInterfaces.swift */,
				A69367EB244DEA3E00B51A03 /* ViewRouter.swift */,
			);
			path = Router;
			sourceTree = "<group>";
		};
		A69367EC244DEA3E00B51A03 /* Helper */ = {
			isa = PBXGroup;
			children = (
				A693682E244DEC7B00B51A03 /* Constraints.swift */,
				A69367ED244DEA3E00B51A03 /* Logger.swift */,
				A69367EE244DEA3E00B51A03 /* NameDescribable.swift */,
			);
			path = Helper;
			sourceTree = "<group>";
		};
		A69367F0244DEA3E00B51A03 /* Resources */ = {
			isa = PBXGroup;
			children = (
				A69367F1244DEA3E00B51A03 /* Assets.xcassets */,
				A69367F2244DEA3E00B51A03 /* APIConfiguration.plist */,
			);
			path = Resources;
			sourceTree = "<group>";
		};
		A69367F3244DEA3E00B51A03 /* Modules */ = {
			isa = PBXGroup;
			children = (
				A6936836244E866A00B51A03 /* MobileData */,
			);
			path = Modules;
			sourceTree = "<group>";
		};
		A69367FB244DEA3E00B51A03 /* Endpoints */ = {
			isa = PBXGroup;
			children = (
				A6936834244DF7C100B51A03 /* MobileNetworkEndpoint.swift */,
			);
			path = Endpoints;
			sourceTree = "<group>";
		};
		A69367FD244DEA3E00B51A03 /* Models */ = {
			isa = PBXGroup;
			children = (
				A6936830244DF01600B51A03 /* QuarterRecord.swift */,
				A6936832244DF02500B51A03 /* YearRecord.swift */,
				A6936848244EB98E00B51A03 /* MobileDataResponse.swift */,
			);
			path = Models;
			sourceTree = "<group>";
		};
		A6936836244E866A00B51A03 /* MobileData */ = {
			isa = PBXGroup;
			children = (
				A6936843244E959800B51A03 /* Views */,
				A6936837244E86A400B51A03 /* MobileDataInterfaces.swift */,
				A6936838244E86A400B51A03 /* MobileDataPresenter.swift */,
				A6936839244E86A400B51A03 /* MobileDataRouter.swift */,
				A693683A244E86A400B51A03 /* MobileDataDependency.swift */,
				A693683B244E86A400B51A03 /* MobileDataViewController.swift */,
				A693683C244E86A400B51A03 /* MobileDataInteractor.swift */,
			);
			path = MobileData;
			sourceTree = "<group>";
		};
		A6936843244E959800B51A03 /* Views */ = {
			isa = PBXGroup;
			children = (
				A6936844244E95B600B51A03 /* MobileDataCell.swift */,
				A6936846244E975100B51A03 /* QuartersStackView.swift */,
			);
			path = Views;
			sourceTree = "<group>";
		};
		C3C0CDB30AC0E3B37FC0EF68 /* Pods */ = {
			isa = PBXGroup;
			children = (
				5228CA6492A6DCA067E64EA1 /* Pods-SPHTech-Assignment.debug.xcconfig */,
				1D38D9E486A309A4057B3F8A /* Pods-SPHTech-Assignment.release.xcconfig */,
				F79476AC3929482DF94D008B /* Pods-SPHTech-AssignmentTests.debug.xcconfig */,
				77BD5F8F2F6F018B63BD1418 /* Pods-SPHTech-AssignmentTests.release.xcconfig */,
				D236E0910C3BB8DC62B4E10A /* Pods-SPHTech-AssignmentUITests.debug.xcconfig */,
				BD485FA05875A965C5834399 /* Pods-SPHTech-AssignmentUITests.release.xcconfig */,
			);
			path = Pods;
			sourceTree = "<group>";
		};
		DA5C09AC1DD8BE8A67A77D9A /* Frameworks */ = {
			isa = PBXGroup;
			children = (
				382C0E6BBF97097E8D4BF3FE /* Pods_SPHTech_Assignment.framework */,
				DDF00E871DC54D2633CD2D4E /* Pods_SPHTech_AssignmentTests.framework */,
				FC8DD8B8FA6CDE1B94C27E68 /* Pods_SPHTech_AssignmentUITests.framework */,
			);
			name = Frameworks;
			sourceTree = "<group>";
		};
/* End PBXGroup section */

/* Begin PBXNativeTarget section */
		A606D399244DE4E00043B5B3 /* SPHTech-Assignment */ = {
			isa = PBXNativeTarget;
			buildConfigurationList = A606D3C4244DE4E20043B5B3 /* Build configuration list for PBXNativeTarget "SPHTech-Assignment" */;
			buildPhases = (
				168EC6AC1584077FCAC482B3 /* [CP] Check Pods Manifest.lock */,
				A606D396244DE4E00043B5B3 /* Sources */,
				A606D397244DE4E00043B5B3 /* Frameworks */,
				A606D398244DE4E00043B5B3 /* Resources */,
				3B00ECC7D329A5A55EAC34C7 /* [CP] Embed Pods Frameworks */,
			);
			buildRules = (
			);
			dependencies = (
			);
			name = "SPHTech-Assignment";
			productName = "SPHTech-Assignment";
			productReference = A606D39A244DE4E00043B5B3 /* SPHTech-Assignment.app */;
			productType = "com.apple.product-type.application";
		};
		A606D3AF244DE4E20043B5B3 /* SPHTech-AssignmentTests */ = {
			isa = PBXNativeTarget;
			buildConfigurationList = A606D3C7244DE4E20043B5B3 /* Build configuration list for PBXNativeTarget "SPHTech-AssignmentTests" */;
			buildPhases = (
				67C0A0D3B504256F81EB0EA4 /* [CP] Check Pods Manifest.lock */,
				A606D3AC244DE4E20043B5B3 /* Sources */,
				A606D3AD244DE4E20043B5B3 /* Frameworks */,
				A606D3AE244DE4E20043B5B3 /* Resources */,
			);
			buildRules = (
			);
			dependencies = (
				A606D3B2244DE4E20043B5B3 /* PBXTargetDependency */,
			);
			name = "SPHTech-AssignmentTests";
			productName = "SPHTech-AssignmentTests";
			productReference = A606D3B0244DE4E20043B5B3 /* SPHTech-AssignmentTests.xctest */;
			productType = "com.apple.product-type.bundle.unit-test";
		};
		A606D3BA244DE4E20043B5B3 /* SPHTech-AssignmentUITests */ = {
			isa = PBXNativeTarget;
			buildConfigurationList = A606D3CA244DE4E20043B5B3 /* Build configuration list for PBXNativeTarget "SPHTech-AssignmentUITests" */;
			buildPhases = (
				9F4D1D0DC2238AE1C959EB67 /* [CP] Check Pods Manifest.lock */,
				A606D3B7244DE4E20043B5B3 /* Sources */,
				A606D3B8244DE4E20043B5B3 /* Frameworks */,
				A606D3B9244DE4E20043B5B3 /* Resources */,
			);
			buildRules = (
			);
			dependencies = (
				A606D3BD244DE4E20043B5B3 /* PBXTargetDependency */,
			);
			name = "SPHTech-AssignmentUITests";
			productName = "SPHTech-AssignmentUITests";
			productReference = A606D3BB244DE4E20043B5B3 /* SPHTech-AssignmentUITests.xctest */;
			productType = "com.apple.product-type.bundle.ui-testing";
		};
/* End PBXNativeTarget section */

/* Begin PBXProject section */
		A606D392244DE4E00043B5B3 /* Project object */ = {
			isa = PBXProject;
			attributes = {
				LastSwiftUpdateCheck = 1130;
				LastUpgradeCheck = 1130;
				ORGANIZATIONNAME = "Canh Tran";
				TargetAttributes = {
					A606D399244DE4E00043B5B3 = {
						CreatedOnToolsVersion = 11.3;
					};
					A606D3AF244DE4E20043B5B3 = {
						CreatedOnToolsVersion = 11.3;
						TestTargetID = A606D399244DE4E00043B5B3;
					};
					A606D3BA244DE4E20043B5B3 = {
						CreatedOnToolsVersion = 11.3;
						TestTargetID = A606D399244DE4E00043B5B3;
					};
				};
			};
			buildConfigurationList = A606D395244DE4E00043B5B3 /* Build configuration list for PBXProject "SPHTech-Assignment" */;
			compatibilityVersion = "Xcode 9.3";
			developmentRegion = en;
			hasScannedForEncodings = 0;
			knownRegions = (
				en,
				Base,
			);
			mainGroup = A606D391244DE4E00043B5B3;
			productRefGroup = A606D39B244DE4E00043B5B3 /* Products */;
			projectDirPath = "";
			projectRoot = "";
			targets = (
				A606D399244DE4E00043B5B3 /* SPHTech-Assignment */,
				A606D3AF244DE4E20043B5B3 /* SPHTech-AssignmentTests */,
				A606D3BA244DE4E20043B5B3 /* SPHTech-AssignmentUITests */,
			);
		};
/* End PBXProject section */

/* Begin PBXResourcesBuildPhase section */
		A606D398244DE4E00043B5B3 /* Resources */ = {
			isa = PBXResourcesBuildPhase;
			buildActionMask = 2147483647;
			files = (
				A606D3AA244DE4E20043B5B3 /* LaunchScreen.storyboard in Resources */,
				A6936814244DEA3E00B51A03 /* APIConfiguration.plist in Resources */,
				A6936813244DEA3E00B51A03 /* Assets.xcassets in Resources */,
			);
			runOnlyForDeploymentPostprocessing = 0;
		};
		A606D3AE244DE4E20043B5B3 /* Resources */ = {
			isa = PBXResourcesBuildPhase;
			buildActionMask = 2147483647;
			files = (
			);
			runOnlyForDeploymentPostprocessing = 0;
		};
		A606D3B9244DE4E20043B5B3 /* Resources */ = {
			isa = PBXResourcesBuildPhase;
			buildActionMask = 2147483647;
			files = (
			);
			runOnlyForDeploymentPostprocessing = 0;
		};
/* End PBXResourcesBuildPhase section */

/* Begin PBXShellScriptBuildPhase section */
		168EC6AC1584077FCAC482B3 /* [CP] Check Pods Manifest.lock */ = {
			isa = PBXShellScriptBuildPhase;
			buildActionMask = 2147483647;
			files = (
			);
			inputFileListPaths = (
			);
			inputPaths = (
				"${PODS_PODFILE_DIR_PATH}/Podfile.lock",
				"${PODS_ROOT}/Manifest.lock",
			);
			name = "[CP] Check Pods Manifest.lock";
			outputFileListPaths = (
			);
			outputPaths = (
				"$(DERIVED_FILE_DIR)/Pods-SPHTech-Assignment-checkManifestLockResult.txt",
			);
			runOnlyForDeploymentPostprocessing = 0;
			shellPath = /bin/sh;
			shellScript = "diff \"${PODS_PODFILE_DIR_PATH}/Podfile.lock\" \"${PODS_ROOT}/Manifest.lock\" > /dev/null\nif [ $? != 0 ] ; then\n    # print error to STDERR\n    echo \"error: The sandbox is not in sync with the Podfile.lock. Run 'pod install' or update your CocoaPods installation.\" >&2\n    exit 1\nfi\n# This output is used by Xcode 'outputs' to avoid re-running this script phase.\necho \"SUCCESS\" > \"${SCRIPT_OUTPUT_FILE_0}\"\n";
			showEnvVarsInLog = 0;
		};
		3B00ECC7D329A5A55EAC34C7 /* [CP] Embed Pods Frameworks */ = {
			isa = PBXShellScriptBuildPhase;
			buildActionMask = 2147483647;
			files = (
			);
			inputFileListPaths = (
				"${PODS_ROOT}/Target Support Files/Pods-SPHTech-Assignment/Pods-SPHTech-Assignment-frameworks-${CONFIGURATION}-input-files.xcfilelist",
			);
			name = "[CP] Embed Pods Frameworks";
			outputFileListPaths = (
				"${PODS_ROOT}/Target Support Files/Pods-SPHTech-Assignment/Pods-SPHTech-Assignment-frameworks-${CONFIGURATION}-output-files.xcfilelist",
			);
			runOnlyForDeploymentPostprocessing = 0;
			shellPath = /bin/sh;
			shellScript = "\"${PODS_ROOT}/Target Support Files/Pods-SPHTech-Assignment/Pods-SPHTech-Assignment-frameworks.sh\"\n";
			showEnvVarsInLog = 0;
		};
		67C0A0D3B504256F81EB0EA4 /* [CP] Check Pods Manifest.lock */ = {
			isa = PBXShellScriptBuildPhase;
			buildActionMask = 2147483647;
			files = (
			);
			inputFileListPaths = (
			);
			inputPaths = (
				"${PODS_PODFILE_DIR_PATH}/Podfile.lock",
				"${PODS_ROOT}/Manifest.lock",
			);
			name = "[CP] Check Pods Manifest.lock";
			outputFileListPaths = (
			);
			outputPaths = (
				"$(DERIVED_FILE_DIR)/Pods-SPHTech-AssignmentTests-checkManifestLockResult.txt",
			);
			runOnlyForDeploymentPostprocessing = 0;
			shellPath = /bin/sh;
			shellScript = "diff \"${PODS_PODFILE_DIR_PATH}/Podfile.lock\" \"${PODS_ROOT}/Manifest.lock\" > /dev/null\nif [ $? != 0 ] ; then\n    # print error to STDERR\n    echo \"error: The sandbox is not in sync with the Podfile.lock. Run 'pod install' or update your CocoaPods installation.\" >&2\n    exit 1\nfi\n# This output is used by Xcode 'outputs' to avoid re-running this script phase.\necho \"SUCCESS\" > \"${SCRIPT_OUTPUT_FILE_0}\"\n";
			showEnvVarsInLog = 0;
		};
		9F4D1D0DC2238AE1C959EB67 /* [CP] Check Pods Manifest.lock */ = {
			isa = PBXShellScriptBuildPhase;
			buildActionMask = 2147483647;
			files = (
			);
			inputFileListPaths = (
			);
			inputPaths = (
				"${PODS_PODFILE_DIR_PATH}/Podfile.lock",
				"${PODS_ROOT}/Manifest.lock",
			);
			name = "[CP] Check Pods Manifest.lock";
			outputFileListPaths = (
			);
			outputPaths = (
				"$(DERIVED_FILE_DIR)/Pods-SPHTech-AssignmentUITests-checkManifestLockResult.txt",
			);
			runOnlyForDeploymentPostprocessing = 0;
			shellPath = /bin/sh;
			shellScript = "diff \"${PODS_PODFILE_DIR_PATH}/Podfile.lock\" \"${PODS_ROOT}/Manifest.lock\" > /dev/null\nif [ $? != 0 ] ; then\n    # print error to STDERR\n    echo \"error: The sandbox is not in sync with the Podfile.lock. Run 'pod install' or update your CocoaPods installation.\" >&2\n    exit 1\nfi\n# This output is used by Xcode 'outputs' to avoid re-running this script phase.\necho \"SUCCESS\" > \"${SCRIPT_OUTPUT_FILE_0}\"\n";
			showEnvVarsInLog = 0;
		};
/* End PBXShellScriptBuildPhase section */

/* Begin PBXSourcesBuildPhase section */
		A606D396244DE4E00043B5B3 /* Sources */ = {
			isa = PBXSourcesBuildPhase;
			buildActionMask = 2147483647;
			files = (
				A6936810244DEA3E00B51A03 /* Logger.swift in Sources */,
				A6936831244DF01600B51A03 /* QuarterRecord.swift in Sources */,
				A6936842244E86A400B51A03 /* MobileDataInteractor.swift in Sources */,
				A693683E244E86A400B51A03 /* MobileDataPresenter.swift in Sources */,
				A6936828244DEC4E00B51A03 /* UIFont+Ext.swift in Sources */,
				A6936840244E86A400B51A03 /* MobileDataDependency.swift in Sources */,
				A693682B244DEC5F00B51A03 /* Dispatch+Ext.swift in Sources */,
				A693682F244DEC7B00B51A03 /* Constraints.swift in Sources */,
				A6936833244DF02500B51A03 /* YearRecord.swift in Sources */,
				A693680A244DEA3E00B51A03 /* BaseViewController.swift in Sources */,
				A6936845244E95B600B51A03 /* MobileDataCell.swift in Sources */,
				A6936823244DEC2100B51A03 /* UITableView+Ext.swift in Sources */,
				A6936825244DEC3000B51A03 /* UIView+Ext.swift in Sources */,
				A693680D244DEA3E00B51A03 /* NavigationRouter.swift in Sources */,
				A693680E244DEA3E00B51A03 /* RouterInterfaces.swift in Sources */,
				A6936821244DEBF200B51A03 /* Reachablility.swift in Sources */,
				A693680B244DEA3E00B51A03 /* ViewInterface.swift in Sources */,
				A606D39E244DE4E00043B5B3 /* AppDelegate.swift in Sources */,
				A693680F244DEA3E00B51A03 /* ViewRouter.swift in Sources */,
				A693680C244DEA3E00B51A03 /* NavigationController.swift in Sources */,
				A6936841244E86A400B51A03 /* MobileDataViewController.swift in Sources */,
				A6936803244DEA3E00B51A03 /* NetworkError.swift in Sources */,
				A6936804244DEA3E00B51A03 /* NetworkConfiguration.swift in Sources */,
				A693683F244E86A400B51A03 /* MobileDataRouter.swift in Sources */,
				A693682D244DEC6700B51A03 /* Collection+Ext.swift in Sources */,
				A6936835244DF7C100B51A03 /* MobileNetworkEndpoint.swift in Sources */,
				A6936847244E975100B51A03 /* QuartersStackView.swift in Sources */,
				A6936800244DEA3E00B51A03 /* NetworkClient.swift in Sources */,
				A6936809244DEA3E00B51A03 /* PresenterInterface.swift in Sources */,
				A6936805244DEA3E00B51A03 /* UIViewController+Ext.swift in Sources */,
				A693683D244E86A400B51A03 /* MobileDataInterfaces.swift in Sources */,
				A6936811244DEA3E00B51A03 /* NameDescribable.swift in Sources */,
				A6936829244DEC4E00B51A03 /* UIColor+Ext.swift in Sources */,
				A6936801244DEA3E00B51A03 /* APIEndpoint.swift in Sources */,
				A6936849244EB98E00B51A03 /* MobileDataResponse.swift in Sources */,
			);
			runOnlyForDeploymentPostprocessing = 0;
		};
		A606D3AC244DE4E20043B5B3 /* Sources */ = {
			isa = PBXSourcesBuildPhase;
			buildActionMask = 2147483647;
			files = (
				A606D3B5244DE4E20043B5B3 /* SPHTech_AssignmentTests.swift in Sources */,
			);
			runOnlyForDeploymentPostprocessing = 0;
		};
		A606D3B7244DE4E20043B5B3 /* Sources */ = {
			isa = PBXSourcesBuildPhase;
			buildActionMask = 2147483647;
			files = (
				A606D3C0244DE4E20043B5B3 /* SPHTech_AssignmentUITests.swift in Sources */,
			);
			runOnlyForDeploymentPostprocessing = 0;
		};
/* End PBXSourcesBuildPhase section */

/* Begin PBXTargetDependency section */
		A606D3B2244DE4E20043B5B3 /* PBXTargetDependency */ = {
			isa = PBXTargetDependency;
			target = A606D399244DE4E00043B5B3 /* SPHTech-Assignment */;
			targetProxy = A606D3B1244DE4E20043B5B3 /* PBXContainerItemProxy */;
		};
		A606D3BD244DE4E20043B5B3 /* PBXTargetDependency */ = {
			isa = PBXTargetDependency;
			target = A606D399244DE4E00043B5B3 /* SPHTech-Assignment */;
			targetProxy = A606D3BC244DE4E20043B5B3 /* PBXContainerItemProxy */;
		};
/* End PBXTargetDependency section */

/* Begin PBXVariantGroup section */
		A606D3A8244DE4E20043B5B3 /* LaunchScreen.storyboard */ = {
			isa = PBXVariantGroup;
			children = (
				A606D3A9244DE4E20043B5B3 /* Base */,
			);
			name = LaunchScreen.storyboard;
			sourceTree = "<group>";
		};
/* End PBXVariantGroup section */

/* Begin XCBuildConfiguration section */
		A606D3C2244DE4E20043B5B3 /* Debug */ = {
			isa = XCBuildConfiguration;
			buildSettings = {
				ALWAYS_SEARCH_USER_PATHS = NO;
				CLANG_ANALYZER_NONNULL = YES;
				CLANG_ANALYZER_NUMBER_OBJECT_CONVERSION = YES_AGGRESSIVE;
				CLANG_CXX_LANGUAGE_STANDARD = "gnu++14";
				CLANG_CXX_LIBRARY = "libc++";
				CLANG_ENABLE_MODULES = YES;
				CLANG_ENABLE_OBJC_ARC = YES;
				CLANG_ENABLE_OBJC_WEAK = YES;
				CLANG_WARN_BLOCK_CAPTURE_AUTORELEASING = YES;
				CLANG_WARN_BOOL_CONVERSION = YES;
				CLANG_WARN_COMMA = YES;
				CLANG_WARN_CONSTANT_CONVERSION = YES;
				CLANG_WARN_DEPRECATED_OBJC_IMPLEMENTATIONS = YES;
				CLANG_WARN_DIRECT_OBJC_ISA_USAGE = YES_ERROR;
				CLANG_WARN_DOCUMENTATION_COMMENTS = YES;
				CLANG_WARN_EMPTY_BODY = YES;
				CLANG_WARN_ENUM_CONVERSION = YES;
				CLANG_WARN_INFINITE_RECURSION = YES;
				CLANG_WARN_INT_CONVERSION = YES;
				CLANG_WARN_NON_LITERAL_NULL_CONVERSION = YES;
				CLANG_WARN_OBJC_IMPLICIT_RETAIN_SELF = YES;
				CLANG_WARN_OBJC_LITERAL_CONVERSION = YES;
				CLANG_WARN_OBJC_ROOT_CLASS = YES_ERROR;
				CLANG_WARN_RANGE_LOOP_ANALYSIS = YES;
				CLANG_WARN_STRICT_PROTOTYPES = YES;
				CLANG_WARN_SUSPICIOUS_MOVE = YES;
				CLANG_WARN_UNGUARDED_AVAILABILITY = YES_AGGRESSIVE;
				CLANG_WARN_UNREACHABLE_CODE = YES;
				CLANG_WARN__DUPLICATE_METHOD_MATCH = YES;
				COPY_PHASE_STRIP = NO;
				DEBUG_INFORMATION_FORMAT = dwarf;
				ENABLE_STRICT_OBJC_MSGSEND = YES;
				ENABLE_TESTABILITY = YES;
				GCC_C_LANGUAGE_STANDARD = gnu11;
				GCC_DYNAMIC_NO_PIC = NO;
				GCC_NO_COMMON_BLOCKS = YES;
				GCC_OPTIMIZATION_LEVEL = 0;
				GCC_PREPROCESSOR_DEFINITIONS = (
					"DEBUG=1",
					"$(inherited)",
				);
				GCC_WARN_64_TO_32_BIT_CONVERSION = YES;
				GCC_WARN_ABOUT_RETURN_TYPE = YES_ERROR;
				GCC_WARN_UNDECLARED_SELECTOR = YES;
				GCC_WARN_UNINITIALIZED_AUTOS = YES_AGGRESSIVE;
				GCC_WARN_UNUSED_FUNCTION = YES;
				GCC_WARN_UNUSED_VARIABLE = YES;
				IPHONEOS_DEPLOYMENT_TARGET = 13.2;
				MTL_ENABLE_DEBUG_INFO = INCLUDE_SOURCE;
				MTL_FAST_MATH = YES;
				ONLY_ACTIVE_ARCH = YES;
				SDKROOT = iphoneos;
				SWIFT_ACTIVE_COMPILATION_CONDITIONS = DEBUG;
				SWIFT_OPTIMIZATION_LEVEL = "-Onone";
			};
			name = Debug;
		};
		A606D3C3244DE4E20043B5B3 /* Release */ = {
			isa = XCBuildConfiguration;
			buildSettings = {
				ALWAYS_SEARCH_USER_PATHS = NO;
				CLANG_ANALYZER_NONNULL = YES;
				CLANG_ANALYZER_NUMBER_OBJECT_CONVERSION = YES_AGGRESSIVE;
				CLANG_CXX_LANGUAGE_STANDARD = "gnu++14";
				CLANG_CXX_LIBRARY = "libc++";
				CLANG_ENABLE_MODULES = YES;
				CLANG_ENABLE_OBJC_ARC = YES;
				CLANG_ENABLE_OBJC_WEAK = YES;
				CLANG_WARN_BLOCK_CAPTURE_AUTORELEASING = YES;
				CLANG_WARN_BOOL_CONVERSION = YES;
				CLANG_WARN_COMMA = YES;
				CLANG_WARN_CONSTANT_CONVERSION = YES;
				CLANG_WARN_DEPRECATED_OBJC_IMPLEMENTATIONS = YES;
				CLANG_WARN_DIRECT_OBJC_ISA_USAGE = YES_ERROR;
				CLANG_WARN_DOCUMENTATION_COMMENTS = YES;
				CLANG_WARN_EMPTY_BODY = YES;
				CLANG_WARN_ENUM_CONVERSION = YES;
				CLANG_WARN_INFINITE_RECURSION = YES;
				CLANG_WARN_INT_CONVERSION = YES;
				CLANG_WARN_NON_LITERAL_NULL_CONVERSION = YES;
				CLANG_WARN_OBJC_IMPLICIT_RETAIN_SELF = YES;
				CLANG_WARN_OBJC_LITERAL_CONVERSION = YES;
				CLANG_WARN_OBJC_ROOT_CLASS = YES_ERROR;
				CLANG_WARN_RANGE_LOOP_ANALYSIS = YES;
				CLANG_WARN_STRICT_PROTOTYPES = YES;
				CLANG_WARN_SUSPICIOUS_MOVE = YES;
				CLANG_WARN_UNGUARDED_AVAILABILITY = YES_AGGRESSIVE;
				CLANG_WARN_UNREACHABLE_CODE = YES;
				CLANG_WARN__DUPLICATE_METHOD_MATCH = YES;
				COPY_PHASE_STRIP = NO;
				DEBUG_INFORMATION_FORMAT = "dwarf-with-dsym";
				ENABLE_NS_ASSERTIONS = NO;
				ENABLE_STRICT_OBJC_MSGSEND = YES;
				GCC_C_LANGUAGE_STANDARD = gnu11;
				GCC_NO_COMMON_BLOCKS = YES;
				GCC_WARN_64_TO_32_BIT_CONVERSION = YES;
				GCC_WARN_ABOUT_RETURN_TYPE = YES_ERROR;
				GCC_WARN_UNDECLARED_SELECTOR = YES;
				GCC_WARN_UNINITIALIZED_AUTOS = YES_AGGRESSIVE;
				GCC_WARN_UNUSED_FUNCTION = YES;
				GCC_WARN_UNUSED_VARIABLE = YES;
				IPHONEOS_DEPLOYMENT_TARGET = 13.2;
				MTL_ENABLE_DEBUG_INFO = NO;
				MTL_FAST_MATH = YES;
				SDKROOT = iphoneos;
				SWIFT_COMPILATION_MODE = wholemodule;
				SWIFT_OPTIMIZATION_LEVEL = "-O";
				VALIDATE_PRODUCT = YES;
			};
			name = Release;
		};
		A606D3C5244DE4E20043B5B3 /* Debug */ = {
			isa = XCBuildConfiguration;
			baseConfigurationReference = 5228CA6492A6DCA067E64EA1 /* Pods-SPHTech-Assignment.debug.xcconfig */;
			buildSettings = {
				ASSETCATALOG_COMPILER_APPICON_NAME = AppIcon;
				CODE_SIGN_STYLE = Automatic;
				DEVELOPMENT_TEAM = SN5CZK5H72;
				INFOPLIST_FILE = "SPHTech-Assignment/Info.plist";
				LD_RUNPATH_SEARCH_PATHS = (
					"$(inherited)",
					"@executable_path/Frameworks",
				);
				PRODUCT_BUNDLE_IDENTIFIER = "com.ios.canhtran.SPHTech.SPHTech-Assignment";
				PRODUCT_NAME = "$(TARGET_NAME)";
				SWIFT_VERSION = 5.0;
				TARGETED_DEVICE_FAMILY = "1,2";
			};
			name = Debug;
		};
		A606D3C6244DE4E20043B5B3 /* Release */ = {
			isa = XCBuildConfiguration;
			baseConfigurationReference = 1D38D9E486A309A4057B3F8A /* Pods-SPHTech-Assignment.release.xcconfig */;
			buildSettings = {
				ASSETCATALOG_COMPILER_APPICON_NAME = AppIcon;
				CODE_SIGN_STYLE = Automatic;
				DEVELOPMENT_TEAM = SN5CZK5H72;
				INFOPLIST_FILE = "SPHTech-Assignment/Info.plist";
				LD_RUNPATH_SEARCH_PATHS = (
					"$(inherited)",
					"@executable_path/Frameworks",
				);
				PRODUCT_BUNDLE_IDENTIFIER = "com.ios.canhtran.SPHTech.SPHTech-Assignment";
				PRODUCT_NAME = "$(TARGET_NAME)";
				SWIFT_VERSION = 5.0;
				TARGETED_DEVICE_FAMILY = "1,2";
			};
			name = Release;
		};
		A606D3C8244DE4E20043B5B3 /* Debug */ = {
			isa = XCBuildConfiguration;
			baseConfigurationReference = F79476AC3929482DF94D008B /* Pods-SPHTech-AssignmentTests.debug.xcconfig */;
			buildSettings = {
				ALWAYS_EMBED_SWIFT_STANDARD_LIBRARIES = YES;
				BUNDLE_LOADER = "$(TEST_HOST)";
				CODE_SIGN_STYLE = Automatic;
				DEVELOPMENT_TEAM = SN5CZK5H72;
				INFOPLIST_FILE = "SPHTech-AssignmentTests/Info.plist";
				IPHONEOS_DEPLOYMENT_TARGET = 13.2;
				LD_RUNPATH_SEARCH_PATHS = (
					"$(inherited)",
					"@executable_path/Frameworks",
					"@loader_path/Frameworks",
				);
				PRODUCT_BUNDLE_IDENTIFIER = "com.ios.canhtran.SPHTech.SPHTech-AssignmentTests";
				PRODUCT_NAME = "$(TARGET_NAME)";
				SWIFT_VERSION = 5.0;
				TARGETED_DEVICE_FAMILY = "1,2";
				TEST_HOST = "$(BUILT_PRODUCTS_DIR)/SPHTech-Assignment.app/SPHTech-Assignment";
			};
			name = Debug;
		};
		A606D3C9244DE4E20043B5B3 /* Release */ = {
			isa = XCBuildConfiguration;
			baseConfigurationReference = 77BD5F8F2F6F018B63BD1418 /* Pods-SPHTech-AssignmentTests.release.xcconfig */;
			buildSettings = {
				ALWAYS_EMBED_SWIFT_STANDARD_LIBRARIES = YES;
				BUNDLE_LOADER = "$(TEST_HOST)";
				CODE_SIGN_STYLE = Automatic;
				DEVELOPMENT_TEAM = SN5CZK5H72;
				INFOPLIST_FILE = "SPHTech-AssignmentTests/Info.plist";
				IPHONEOS_DEPLOYMENT_TARGET = 13.2;
				LD_RUNPATH_SEARCH_PATHS = (
					"$(inherited)",
					"@executable_path/Frameworks",
					"@loader_path/Frameworks",
				);
				PRODUCT_BUNDLE_IDENTIFIER = "com.ios.canhtran.SPHTech.SPHTech-AssignmentTests";
				PRODUCT_NAME = "$(TARGET_NAME)";
				SWIFT_VERSION = 5.0;
				TARGETED_DEVICE_FAMILY = "1,2";
				TEST_HOST = "$(BUILT_PRODUCTS_DIR)/SPHTech-Assignment.app/SPHTech-Assignment";
			};
			name = Release;
		};
		A606D3CB244DE4E20043B5B3 /* Debug */ = {
			isa = XCBuildConfiguration;
			baseConfigurationReference = D236E0910C3BB8DC62B4E10A /* Pods-SPHTech-AssignmentUITests.debug.xcconfig */;
			buildSettings = {
				ALWAYS_EMBED_SWIFT_STANDARD_LIBRARIES = YES;
				CODE_SIGN_STYLE = Automatic;
				DEVELOPMENT_TEAM = SN5CZK5H72;
				INFOPLIST_FILE = "SPHTech-AssignmentUITests/Info.plist";
				LD_RUNPATH_SEARCH_PATHS = (
					"$(inherited)",
					"@executable_path/Frameworks",
					"@loader_path/Frameworks",
				);
				PRODUCT_BUNDLE_IDENTIFIER = "com.ios.canhtran.SPHTech.SPHTech-AssignmentUITests";
				PRODUCT_NAME = "$(TARGET_NAME)";
				SWIFT_VERSION = 5.0;
				TARGETED_DEVICE_FAMILY = "1,2";
				TEST_TARGET_NAME = "SPHTech-Assignment";
			};
			name = Debug;
		};
		A606D3CC244DE4E20043B5B3 /* Release */ = {
			isa = XCBuildConfiguration;
			baseConfigurationReference = BD485FA05875A965C5834399 /* Pods-SPHTech-AssignmentUITests.release.xcconfig */;
			buildSettings = {
				ALWAYS_EMBED_SWIFT_STANDARD_LIBRARIES = YES;
				CODE_SIGN_STYLE = Automatic;
				DEVELOPMENT_TEAM = SN5CZK5H72;
				INFOPLIST_FILE = "SPHTech-AssignmentUITests/Info.plist";
				LD_RUNPATH_SEARCH_PATHS = (
					"$(inherited)",
					"@executable_path/Frameworks",
					"@loader_path/Frameworks",
				);
				PRODUCT_BUNDLE_IDENTIFIER = "com.ios.canhtran.SPHTech.SPHTech-AssignmentUITests";
				PRODUCT_NAME = "$(TARGET_NAME)";
				SWIFT_VERSION = 5.0;
				TARGETED_DEVICE_FAMILY = "1,2";
				TEST_TARGET_NAME = "SPHTech-Assignment";
			};
			name = Release;
		};
/* End XCBuildConfiguration section */

/* Begin XCConfigurationList section */
		A606D395244DE4E00043B5B3 /* Build configuration list for PBXProject "SPHTech-Assignment" */ = {
			isa = XCConfigurationList;
			buildConfigurations = (
				A606D3C2244DE4E20043B5B3 /* Debug */,
				A606D3C3244DE4E20043B5B3 /* Release */,
			);
			defaultConfigurationIsVisible = 0;
			defaultConfigurationName = Release;
		};
		A606D3C4244DE4E20043B5B3 /* Build configuration list for PBXNativeTarget "SPHTech-Assignment" */ = {
			isa = XCConfigurationList;
			buildConfigurations = (
				A606D3C5244DE4E20043B5B3 /* Debug */,
				A606D3C6244DE4E20043B5B3 /* Release */,
			);
			defaultConfigurationIsVisible = 0;
			defaultConfigurationName = Release;
		};
		A606D3C7244DE4E20043B5B3 /* Build configuration list for PBXNativeTarget "SPHTech-AssignmentTests" */ = {
			isa = XCConfigurationList;
			buildConfigurations = (
				A606D3C8244DE4E20043B5B3 /* Debug */,
				A606D3C9244DE4E20043B5B3 /* Release */,
			);
			defaultConfigurationIsVisible = 0;
			defaultConfigurationName = Release;
		};
		A606D3CA244DE4E20043B5B3 /* Build configuration list for PBXNativeTarget "SPHTech-AssignmentUITests" */ = {
			isa = XCConfigurationList;
			buildConfigurations = (
				A606D3CB244DE4E20043B5B3 /* Debug */,
				A606D3CC244DE4E20043B5B3 /* Release */,
			);
			defaultConfigurationIsVisible = 0;
			defaultConfigurationName = Release;
		};
/* End XCConfigurationList section */
	};
	rootObject = A606D392244DE4E00043B5B3 /* Project object */;
}
