// !$*UTF8*$!
{
	archiveVersion = 1;
	classes = {
	};
	objectVersion = 50;
	objects = {

/* Begin PBXBuildFile section */
		A606D39E244DE4E00043B5B3 /* AppDelegate.swift in Sources */ = {isa = PBXBuildFile; fileRef = A606D39D244DE4E00043B5B3 /* AppDelegate.swift */; };
		A606D3A0244DE4E00043B5B3 /* SceneDelegate.swift in Sources */ = {isa = PBXBuildFile; fileRef = A606D39F244DE4E00043B5B3 /* SceneDelegate.swift */; };
		A606D3A2244DE4E00043B5B3 /* ViewController.swift in Sources */ = {isa = PBXBuildFile; fileRef = A606D3A1244DE4E00043B5B3 /* ViewController.swift */; };
		A606D3A5244DE4E00043B5B3 /* Main.storyboard in Resources */ = {isa = PBXBuildFile; fileRef = A606D3A3244DE4E00043B5B3 /* Main.storyboard */; };
		A606D3A7244DE4E20043B5B3 /* Assets.xcassets in Resources */ = {isa = PBXBuildFile; fileRef = A606D3A6244DE4E20043B5B3 /* Assets.xcassets */; };
		A606D3AA244DE4E20043B5B3 /* LaunchScreen.storyboard in Resources */ = {isa = PBXBuildFile; fileRef = A606D3A8244DE4E20043B5B3 /* LaunchScreen.storyboard */; };
		A606D3B5244DE4E20043B5B3 /* SPHTech_AssignmentTests.swift in Sources */ = {isa = PBXBuildFile; fileRef = A606D3B4244DE4E20043B5B3 /* SPHTech_AssignmentTests.swift */; };
		A606D3C0244DE4E20043B5B3 /* SPHTech_AssignmentUITests.swift in Sources */ = {isa = PBXBuildFile; fileRef = A606D3BF244DE4E20043B5B3 /* SPHTech_AssignmentUITests.swift */; };
/* End PBXBuildFile section */

/* Begin PBXContainerItemProxy section */
		A606D3B1244DE4E20043B5B3 /* PBXContainerItemProxy */ = {
			isa = PBXContainerItemProxy;
			containerPortal = A606D392244DE4E00043B5B3 /* Project object */;
			proxyType = 1;
			remoteGlobalIDString = A606D399244DE4E00043B5B3;
			remoteInfo = "SPHTech-Assignment";
		};
		A606D3BC244DE4E20043B5B3 /* PBXContainerItemProxy */ = {
			isa = PBXContainerItemProxy;
			containerPortal = A606D392244DE4E00043B5B3 /* Project object */;
			proxyType = 1;
			remoteGlobalIDString = A606D399244DE4E00043B5B3;
			remoteInfo = "SPHTech-Assignment";
		};
/* End PBXContainerItemProxy section */

/* Begin PBXFileReference section */
		A606D39A244DE4E00043B5B3 /* SPHTech-Assignment.app */ = {isa = PBXFileReference; explicitFileType = wrapper.application; includeInIndex = 0; path = "SPHTech-Assignment.app"; sourceTree = BUILT_PRODUCTS_DIR; };
		A606D39D244DE4E00043B5B3 /* AppDelegate.swift */ = {isa = PBXFileReference; lastKnownFileType = sourcecode.swift; path = AppDelegate.swift; sourceTree = "<group>"; };
		A606D39F244DE4E00043B5B3 /* SceneDelegate.swift */ = {isa = PBXFileReference; lastKnownFileType = sourcecode.swift; path = SceneDelegate.swift; sourceTree = "<group>"; };
		A606D3A1244DE4E00043B5B3 /* ViewController.swift */ = {isa = PBXFileReference; lastKnownFileType = sourcecode.swift; path = ViewController.swift; sourceTree = "<group>"; };
		A606D3A4244DE4E00043B5B3 /* Base */ = {isa = PBXFileReference; lastKnownFileType = file.storyboard; name = Base; path = Base.lproj/Main.storyboard; sourceTree = "<group>"; };
		A606D3A6244DE4E20043B5B3 /* Assets.xcassets */ = {isa = PBXFileReference; lastKnownFileType = folder.assetcatalog; path = Assets.xcassets; sourceTree = "<group>"; };
		A606D3A9244DE4E20043B5B3 /* Base */ = {isa = PBXFileReference; lastKnownFileType = file.storyboard; name = Base; path = Base.lproj/LaunchScreen.storyboard; sourceTree = "<group>"; };
		A606D3AB244DE4E20043B5B3 /* Info.plist */ = {isa = PBXFileReference; lastKnownFileType = text.plist.xml; path = Info.plist; sourceTree = "<group>"; };
		A606D3B0244DE4E20043B5B3 /* SPHTech-AssignmentTests.xctest */ = {isa = PBXFileReference; explicitFileType = wrapper.cfbundle; includeInIndex = 0; path = "SPHTech-AssignmentTests.xctest"; sourceTree = BUILT_PRODUCTS_DIR; };
		A606D3B4244DE4E20043B5B3 /* SPHTech_AssignmentTests.swift */ = {isa = PBXFileReference; lastKnownFileType = sourcecode.swift; path = SPHTech_AssignmentTests.swift; sourceTree = "<group>"; };
		A606D3B6244DE4E20043B5B3 /* Info.plist */ = {isa = PBXFileReference; lastKnownFileType = text.plist.xml; path = Info.plist; sourceTree = "<group>"; };
		A606D3BB244DE4E20043B5B3 /* SPHTech-AssignmentUITests.xctest */ = {isa = PBXFileReference; explicitFileType = wrapper.cfbundle; includeInIndex = 0; path = "SPHTech-AssignmentUITests.xctest"; sourceTree = BUILT_PRODUCTS_DIR; };
		A606D3BF244DE4E20043B5B3 /* SPHTech_AssignmentUITests.swift */ = {isa = PBXFileReference; lastKnownFileType = sourcecode.swift; path = SPHTech_AssignmentUITests.swift; sourceTree = "<group>"; };
		A606D3C1244DE4E20043B5B3 /* Info.plist */ = {isa = PBXFileReference; lastKnownFileType = text.plist.xml; path = Info.plist; sourceTree = "<group>"; };
/* End PBXFileReference section */

/* Begin PBXFrameworksBuildPhase section */
		A606D397244DE4E00043B5B3 /* Frameworks */ = {
			isa = PBXFrameworksBuildPhase;
			buildActionMask = 2147483647;
			files = (
			);
			runOnlyForDeploymentPostprocessing = 0;
		};
		A606D3AD244DE4E20043B5B3 /* Frameworks */ = {
			isa = PBXFrameworksBuildPhase;
			buildActionMask = 2147483647;
			files = (
			);
			runOnlyForDeploymentPostprocessing = 0;
		};
		A606D3B8244DE4E20043B5B3 /* Frameworks */ = {
			isa = PBXFrameworksBuildPhase;
			buildActionMask = 2147483647;
			files = (
			);
			runOnlyForDeploymentPostprocessing = 0;
		};
/* End PBXFrameworksBuildPhase section */

/* Begin PBXGroup section */
		A606D391244DE4E00043B5B3 = {
			isa = PBXGroup;
			children = (
				A606D39C244DE4E00043B5B3 /* SPHTech-Assignment */,
				A606D3B3244DE4E20043B5B3 /* SPHTech-AssignmentTests */,
				A606D3BE244DE4E20043B5B3 /* SPHTech-AssignmentUITests */,
				A606D39B244DE4E00043B5B3 /* Products */,
			);
			sourceTree = "<group>";
		};
		A606D39B244DE4E00043B5B3 /* Products */ = {
			isa = PBXGroup;
			children = (
				A606D39A244DE4E00043B5B3 /* SPHTech-Assignment.app */,
				A606D3B0244DE4E20043B5B3 /* SPHTech-AssignmentTests.xctest */,
				A606D3BB244DE4E20043B5B3 /* SPHTech-AssignmentUITests.xctest */,
			);
			name = Products;
			sourceTree = "<group>";
		};
		A606D39C244DE4E00043B5B3 /* SPHTech-Assignment */ = {
			isa = PBXGroup;
			children = (
				A606D39D244DE4E00043B5B3 /* AppDelegate.swift */,
				A606D39F244DE4E00043B5B3 /* SceneDelegate.swift */,
				A606D3A1244DE4E00043B5B3 /* ViewController.swift */,
				A606D3A3244DE4E00043B5B3 /* Main.storyboard */,
				A606D3A6244DE4E20043B5B3 /* Assets.xcassets */,
				A606D3A8244DE4E20043B5B3 /* LaunchScreen.storyboard */,
				A606D3AB244DE4E20043B5B3 /* Info.plist */,
			);
			path = "SPHTech-Assignment";
			sourceTree = "<group>";
		};
		A606D3B3244DE4E20043B5B3 /* SPHTech-AssignmentTests */ = {
			isa = PBXGroup;
			children = (
				A606D3B4244DE4E20043B5B3 /* SPHTech_AssignmentTests.swift */,
				A606D3B6244DE4E20043B5B3 /* Info.plist */,
			);
			path = "SPHTech-AssignmentTests";
			sourceTree = "<group>";
		};
		A606D3BE244DE4E20043B5B3 /* SPHTech-AssignmentUITests */ = {
			isa = PBXGroup;
			children = (
				A606D3BF244DE4E20043B5B3 /* SPHTech_AssignmentUITests.swift */,
				A606D3C1244DE4E20043B5B3 /* Info.plist */,
			);
			path = "SPHTech-AssignmentUITests";
			sourceTree = "<group>";
		};
/* End PBXGroup section */

/* Begin PBXNativeTarget section */
		A606D399244DE4E00043B5B3 /* SPHTech-Assignment */ = {
			isa = PBXNativeTarget;
			buildConfigurationList = A606D3C4244DE4E20043B5B3 /* Build configuration list for PBXNativeTarget "SPHTech-Assignment" */;
			buildPhases = (
				A606D396244DE4E00043B5B3 /* Sources */,
				A606D397244DE4E00043B5B3 /* Frameworks */,
				A606D398244DE4E00043B5B3 /* Resources */,
			);
			buildRules = (
			);
			dependencies = (
			);
			name = "SPHTech-Assignment";
			productName = "SPHTech-Assignment";
			productReference = A606D39A244DE4E00043B5B3 /* SPHTech-Assignment.app */;
			productType = "com.apple.product-type.application";
		};
		A606D3AF244DE4E20043B5B3 /* SPHTech-AssignmentTests */ = {
			isa = PBXNativeTarget;
			buildConfigurationList = A606D3C7244DE4E20043B5B3 /* Build configuration list for PBXNativeTarget "SPHTech-AssignmentTests" */;
			buildPhases = (
				A606D3AC244DE4E20043B5B3 /* Sources */,
				A606D3AD244DE4E20043B5B3 /* Frameworks */,
				A606D3AE244DE4E20043B5B3 /* Resources */,
			);
			buildRules = (
			);
			dependencies = (
				A606D3B2244DE4E20043B5B3 /* PBXTargetDependency */,
			);
			name = "SPHTech-AssignmentTests";
			productName = "SPHTech-AssignmentTests";
			productReference = A606D3B0244DE4E20043B5B3 /* SPHTech-AssignmentTests.xctest */;
			productType = "com.apple.product-type.bundle.unit-test";
		};
		A606D3BA244DE4E20043B5B3 /* SPHTech-AssignmentUITests */ = {
			isa = PBXNativeTarget;
			buildConfigurationList = A606D3CA244DE4E20043B5B3 /* Build configuration list for PBXNativeTarget "SPHTech-AssignmentUITests" */;
			buildPhases = (
				A606D3B7244DE4E20043B5B3 /* Sources */,
				A606D3B8244DE4E20043B5B3 /* Frameworks */,
				A606D3B9244DE4E20043B5B3 /* Resources */,
			);
			buildRules = (
			);
			dependencies = (
				A606D3BD244DE4E20043B5B3 /* PBXTargetDependency */,
			);
			name = "SPHTech-AssignmentUITests";
			productName = "SPHTech-AssignmentUITests";
			productReference = A606D3BB244DE4E20043B5B3 /* SPHTech-AssignmentUITests.xctest */;
			productType = "com.apple.product-type.bundle.ui-testing";
		};
/* End PBXNativeTarget section */

/* Begin PBXProject section */
		A606D392244DE4E00043B5B3 /* Project object */ = {
			isa = PBXProject;
			attributes = {
				LastSwiftUpdateCheck = 1130;
				LastUpgradeCheck = 1130;
				ORGANIZATIONNAME = "Canh Tran";
				TargetAttributes = {
					A606D399244DE4E00043B5B3 = {
						CreatedOnToolsVersion = 11.3;
					};
					A606D3AF244DE4E20043B5B3 = {
						CreatedOnToolsVersion = 11.3;
						TestTargetID = A606D399244DE4E00043B5B3;
					};
					A606D3BA244DE4E20043B5B3 = {
						CreatedOnToolsVersion = 11.3;
						TestTargetID = A606D399244DE4E00043B5B3;
					};
				};
			};
			buildConfigurationList = A606D395244DE4E00043B5B3 /* Build configuration list for PBXProject "SPHTech-Assignment" */;
			compatibilityVersion = "Xcode 9.3";
			developmentRegion = en;
			hasScannedForEncodings = 0;
			knownRegions = (
				en,
				Base,
			);
			mainGroup = A606D391244DE4E00043B5B3;
			productRefGroup = A606D39B244DE4E00043B5B3 /* Products */;
			projectDirPath = "";
			projectRoot = "";
			targets = (
				A606D399244DE4E00043B5B3 /* SPHTech-Assignment */,
				A606D3AF244DE4E20043B5B3 /* SPHTech-AssignmentTests */,
				A606D3BA244DE4E20043B5B3 /* SPHTech-AssignmentUITests */,
			);
		};
/* End PBXProject section */

/* Begin PBXResourcesBuildPhase section */
		A606D398244DE4E00043B5B3 /* Resources */ = {
			isa = PBXResourcesBuildPhase;
			buildActionMask = 2147483647;
			files = (
				A606D3AA244DE4E20043B5B3 /* LaunchScreen.storyboard in Resources */,
				A606D3A7244DE4E20043B5B3 /* Assets.xcassets in Resources */,
				A606D3A5244DE4E00043B5B3 /* Main.storyboard in Resources */,
			);
			runOnlyForDeploymentPostprocessing = 0;
		};
		A606D3AE244DE4E20043B5B3 /* Resources */ = {
			isa = PBXResourcesBuildPhase;
			buildActionMask = 2147483647;
			files = (
			);
			runOnlyForDeploymentPostprocessing = 0;
		};
		A606D3B9244DE4E20043B5B3 /* Resources */ = {
			isa = PBXResourcesBuildPhase;
			buildActionMask = 2147483647;
			files = (
			);
			runOnlyForDeploymentPostprocessing = 0;
		};
/* End PBXResourcesBuildPhase section */

/* Begin PBXSourcesBuildPhase section */
		A606D396244DE4E00043B5B3 /* Sources */ = {
			isa = PBXSourcesBuildPhase;
			buildActionMask = 2147483647;
			files = (
				A606D3A2244DE4E00043B5B3 /* ViewController.swift in Sources */,
				A606D39E244DE4E00043B5B3 /* AppDelegate.swift in Sources */,
				A606D3A0244DE4E00043B5B3 /* SceneDelegate.swift in Sources */,
			);
			runOnlyForDeploymentPostprocessing = 0;
		};
		A606D3AC244DE4E20043B5B3 /* Sources */ = {
			isa = PBXSourcesBuildPhase;
			buildActionMask = 2147483647;
			files = (
				A606D3B5244DE4E20043B5B3 /* SPHTech_AssignmentTests.swift in Sources */,
			);
			runOnlyForDeploymentPostprocessing = 0;
		};
		A606D3B7244DE4E20043B5B3 /* Sources */ = {
			isa = PBXSourcesBuildPhase;
			buildActionMask = 2147483647;
			files = (
				A606D3C0244DE4E20043B5B3 /* SPHTech_AssignmentUITests.swift in Sources */,
			);
			runOnlyForDeploymentPostprocessing = 0;
		};
/* End PBXSourcesBuildPhase section */

/* Begin PBXTargetDependency section */
		A606D3B2244DE4E20043B5B3 /* PBXTargetDependency */ = {
			isa = PBXTargetDependency;
			target = A606D399244DE4E00043B5B3 /* SPHTech-Assignment */;
			targetProxy = A606D3B1244DE4E20043B5B3 /* PBXContainerItemProxy */;
		};
		A606D3BD244DE4E20043B5B3 /* PBXTargetDependency */ = {
			isa = PBXTargetDependency;
			target = A606D399244DE4E00043B5B3 /* SPHTech-Assignment */;
			targetProxy = A606D3BC244DE4E20043B5B3 /* PBXContainerItemProxy */;
		};
/* End PBXTargetDependency section */

/* Begin PBXVariantGroup section */
		A606D3A3244DE4E00043B5B3 /* Main.storyboard */ = {
			isa = PBXVariantGroup;
			children = (
				A606D3A4244DE4E00043B5B3 /* Base */,
			);
			name = Main.storyboard;
			sourceTree = "<group>";
		};
		A606D3A8244DE4E20043B5B3 /* LaunchScreen.storyboard */ = {
			isa = PBXVariantGroup;
			children = (
				A606D3A9244DE4E20043B5B3 /* Base */,
			);
			name = LaunchScreen.storyboard;
			sourceTree = "<group>";
		};
/* End PBXVariantGroup section */

/* Begin XCBuildConfiguration section */
		A606D3C2244DE4E20043B5B3 /* Debug */ = {
			isa = XCBuildConfiguration;
			buildSettings = {
				ALWAYS_SEARCH_USER_PATHS = NO;
				CLANG_ANALYZER_NONNULL = YES;
				CLANG_ANALYZER_NUMBER_OBJECT_CONVERSION = YES_AGGRESSIVE;
				CLANG_CXX_LANGUAGE_STANDARD = "gnu++14";
				CLANG_CXX_LIBRARY = "libc++";
				CLANG_ENABLE_MODULES = YES;
				CLANG_ENABLE_OBJC_ARC = YES;
				CLANG_ENABLE_OBJC_WEAK = YES;
				CLANG_WARN_BLOCK_CAPTURE_AUTORELEASING = YES;
				CLANG_WARN_BOOL_CONVERSION = YES;
				CLANG_WARN_COMMA = YES;
				CLANG_WARN_CONSTANT_CONVERSION = YES;
				CLANG_WARN_DEPRECATED_OBJC_IMPLEMENTATIONS = YES;
				CLANG_WARN_DIRECT_OBJC_ISA_USAGE = YES_ERROR;
				CLANG_WARN_DOCUMENTATION_COMMENTS = YES;
				CLANG_WARN_EMPTY_BODY = YES;
				CLANG_WARN_ENUM_CONVERSION = YES;
				CLANG_WARN_INFINITE_RECURSION = YES;
				CLANG_WARN_INT_CONVERSION = YES;
				CLANG_WARN_NON_LITERAL_NULL_CONVERSION = YES;
				CLANG_WARN_OBJC_IMPLICIT_RETAIN_SELF = YES;
				CLANG_WARN_OBJC_LITERAL_CONVERSION = YES;
				CLANG_WARN_OBJC_ROOT_CLASS = YES_ERROR;
				CLANG_WARN_RANGE_LOOP_ANALYSIS = YES;
				CLANG_WARN_STRICT_PROTOTYPES = YES;
				CLANG_WARN_SUSPICIOUS_MOVE = YES;
				CLANG_WARN_UNGUARDED_AVAILABILITY = YES_AGGRESSIVE;
				CLANG_WARN_UNREACHABLE_CODE = YES;
				CLANG_WARN__DUPLICATE_METHOD_MATCH = YES;
				COPY_PHASE_STRIP = NO;
				DEBUG_INFORMATION_FORMAT = dwarf;
				ENABLE_STRICT_OBJC_MSGSEND = YES;
				ENABLE_TESTABILITY = YES;
				GCC_C_LANGUAGE_STANDARD = gnu11;
				GCC_DYNAMIC_NO_PIC = NO;
				GCC_NO_COMMON_BLOCKS = YES;
				GCC_OPTIMIZATION_LEVEL = 0;
				GCC_PREPROCESSOR_DEFINITIONS = (
					"DEBUG=1",
					"$(inherited)",
				);
				GCC_WARN_64_TO_32_BIT_CONVERSION = YES;
				GCC_WARN_ABOUT_RETURN_TYPE = YES_ERROR;
				GCC_WARN_UNDECLARED_SELECTOR = YES;
				GCC_WARN_UNINITIALIZED_AUTOS = YES_AGGRESSIVE;
				GCC_WARN_UNUSED_FUNCTION = YES;
				GCC_WARN_UNUSED_VARIABLE = YES;
				IPHONEOS_DEPLOYMENT_TARGET = 13.2;
				MTL_ENABLE_DEBUG_INFO = INCLUDE_SOURCE;
				MTL_FAST_MATH = YES;
				ONLY_ACTIVE_ARCH = YES;
				SDKROOT = iphoneos;
				SWIFT_ACTIVE_COMPILATION_CONDITIONS = DEBUG;
				SWIFT_OPTIMIZATION_LEVEL = "-Onone";
			};
			name = Debug;
		};
		A606D3C3244DE4E20043B5B3 /* Release */ = {
			isa = XCBuildConfiguration;
			buildSettings = {
				ALWAYS_SEARCH_USER_PATHS = NO;
				CLANG_ANALYZER_NONNULL = YES;
				CLANG_ANALYZER_NUMBER_OBJECT_CONVERSION = YES_AGGRESSIVE;
				CLANG_CXX_LANGUAGE_STANDARD = "gnu++14";
				CLANG_CXX_LIBRARY = "libc++";
				CLANG_ENABLE_MODULES = YES;
				CLANG_ENABLE_OBJC_ARC = YES;
				CLANG_ENABLE_OBJC_WEAK = YES;
				CLANG_WARN_BLOCK_CAPTURE_AUTORELEASING = YES;
				CLANG_WARN_BOOL_CONVERSION = YES;
				CLANG_WARN_COMMA = YES;
				CLANG_WARN_CONSTANT_CONVERSION = YES;
				CLANG_WARN_DEPRECATED_OBJC_IMPLEMENTATIONS = YES;
				CLANG_WARN_DIRECT_OBJC_ISA_USAGE = YES_ERROR;
				CLANG_WARN_DOCUMENTATION_COMMENTS = YES;
				CLANG_WARN_EMPTY_BODY = YES;
				CLANG_WARN_ENUM_CONVERSION = YES;
				CLANG_WARN_INFINITE_RECURSION = YES;
				CLANG_WARN_INT_CONVERSION = YES;
				CLANG_WARN_NON_LITERAL_NULL_CONVERSION = YES;
				CLANG_WARN_OBJC_IMPLICIT_RETAIN_SELF = YES;
				CLANG_WARN_OBJC_LITERAL_CONVERSION = YES;
				CLANG_WARN_OBJC_ROOT_CLASS = YES_ERROR;
				CLANG_WARN_RANGE_LOOP_ANALYSIS = YES;
				CLANG_WARN_STRICT_PROTOTYPES = YES;
				CLANG_WARN_SUSPICIOUS_MOVE = YES;
				CLANG_WARN_UNGUARDED_AVAILABILITY = YES_AGGRESSIVE;
				CLANG_WARN_UNREACHABLE_CODE = YES;
				CLANG_WARN__DUPLICATE_METHOD_MATCH = YES;
				COPY_PHASE_STRIP = NO;
				DEBUG_INFORMATION_FORMAT = "dwarf-with-dsym";
				ENABLE_NS_ASSERTIONS = NO;
				ENABLE_STRICT_OBJC_MSGSEND = YES;
				GCC_C_LANGUAGE_STANDARD = gnu11;
				GCC_NO_COMMON_BLOCKS = YES;
				GCC_WARN_64_TO_32_BIT_CONVERSION = YES;
				GCC_WARN_ABOUT_RETURN_TYPE = YES_ERROR;
				GCC_WARN_UNDECLARED_SELECTOR = YES;
				GCC_WARN_UNINITIALIZED_AUTOS = YES_AGGRESSIVE;
				GCC_WARN_UNUSED_FUNCTION = YES;
				GCC_WARN_UNUSED_VARIABLE = YES;
				IPHONEOS_DEPLOYMENT_TARGET = 13.2;
				MTL_ENABLE_DEBUG_INFO = NO;
				MTL_FAST_MATH = YES;
				SDKROOT = iphoneos;
				SWIFT_COMPILATION_MODE = wholemodule;
				SWIFT_OPTIMIZATION_LEVEL = "-O";
				VALIDATE_PRODUCT = YES;
			};
			name = Release;
		};
		A606D3C5244DE4E20043B5B3 /* Debug */ = {
			isa = XCBuildConfiguration;
			buildSettings = {
				ASSETCATALOG_COMPILER_APPICON_NAME = AppIcon;
				CODE_SIGN_STYLE = Automatic;
				DEVELOPMENT_TEAM = SN5CZK5H72;
				INFOPLIST_FILE = "SPHTech-Assignment/Info.plist";
				LD_RUNPATH_SEARCH_PATHS = (
					"$(inherited)",
					"@executable_path/Frameworks",
				);
				PRODUCT_BUNDLE_IDENTIFIER = "com.ios.canhtran.SPHTech.SPHTech-Assignment";
				PRODUCT_NAME = "$(TARGET_NAME)";
				SWIFT_VERSION = 5.0;
				TARGETED_DEVICE_FAMILY = "1,2";
			};
			name = Debug;
		};
		A606D3C6244DE4E20043B5B3 /* Release */ = {
			isa = XCBuildConfiguration;
			buildSettings = {
				ASSETCATALOG_COMPILER_APPICON_NAME = AppIcon;
				CODE_SIGN_STYLE = Automatic;
				DEVELOPMENT_TEAM = SN5CZK5H72;
				INFOPLIST_FILE = "SPHTech-Assignment/Info.plist";
				LD_RUNPATH_SEARCH_PATHS = (
					"$(inherited)",
					"@executable_path/Frameworks",
				);
				PRODUCT_BUNDLE_IDENTIFIER = "com.ios.canhtran.SPHTech.SPHTech-Assignment";
				PRODUCT_NAME = "$(TARGET_NAME)";
				SWIFT_VERSION = 5.0;
				TARGETED_DEVICE_FAMILY = "1,2";
			};
			name = Release;
		};
		A606D3C8244DE4E20043B5B3 /* Debug */ = {
			isa = XCBuildConfiguration;
			buildSettings = {
				ALWAYS_EMBED_SWIFT_STANDARD_LIBRARIES = YES;
				BUNDLE_LOADER = "$(TEST_HOST)";
				CODE_SIGN_STYLE = Automatic;
				DEVELOPMENT_TEAM = SN5CZK5H72;
				INFOPLIST_FILE = "SPHTech-AssignmentTests/Info.plist";
				IPHONEOS_DEPLOYMENT_TARGET = 13.2;
				LD_RUNPATH_SEARCH_PATHS = (
					"$(inherited)",
					"@executable_path/Frameworks",
					"@loader_path/Frameworks",
				);
				PRODUCT_BUNDLE_IDENTIFIER = "com.ios.canhtran.SPHTech.SPHTech-AssignmentTests";
				PRODUCT_NAME = "$(TARGET_NAME)";
				SWIFT_VERSION = 5.0;
				TARGETED_DEVICE_FAMILY = "1,2";
				TEST_HOST = "$(BUILT_PRODUCTS_DIR)/SPHTech-Assignment.app/SPHTech-Assignment";
			};
			name = Debug;
		};
		A606D3C9244DE4E20043B5B3 /* Release */ = {
			isa = XCBuildConfiguration;
			buildSettings = {
				ALWAYS_EMBED_SWIFT_STANDARD_LIBRARIES = YES;
				BUNDLE_LOADER = "$(TEST_HOST)";
				CODE_SIGN_STYLE = Automatic;
				DEVELOPMENT_TEAM = SN5CZK5H72;
				INFOPLIST_FILE = "SPHTech-AssignmentTests/Info.plist";
				IPHONEOS_DEPLOYMENT_TARGET = 13.2;
				LD_RUNPATH_SEARCH_PATHS = (
					"$(inherited)",
					"@executable_path/Frameworks",
					"@loader_path/Frameworks",
				);
				PRODUCT_BUNDLE_IDENTIFIER = "com.ios.canhtran.SPHTech.SPHTech-AssignmentTests";
				PRODUCT_NAME = "$(TARGET_NAME)";
				SWIFT_VERSION = 5.0;
				TARGETED_DEVICE_FAMILY = "1,2";
				TEST_HOST = "$(BUILT_PRODUCTS_DIR)/SPHTech-Assignment.app/SPHTech-Assignment";
			};
			name = Release;
		};
		A606D3CB244DE4E20043B5B3 /* Debug */ = {
			isa = XCBuildConfiguration;
			buildSettings = {
				ALWAYS_EMBED_SWIFT_STANDARD_LIBRARIES = YES;
				CODE_SIGN_STYLE = Automatic;
				DEVELOPMENT_TEAM = SN5CZK5H72;
				INFOPLIST_FILE = "SPHTech-AssignmentUITests/Info.plist";
				LD_RUNPATH_SEARCH_PATHS = (
					"$(inherited)",
					"@executable_path/Frameworks",
					"@loader_path/Frameworks",
				);
				PRODUCT_BUNDLE_IDENTIFIER = "com.ios.canhtran.SPHTech.SPHTech-AssignmentUITests";
				PRODUCT_NAME = "$(TARGET_NAME)";
				SWIFT_VERSION = 5.0;
				TARGETED_DEVICE_FAMILY = "1,2";
				TEST_TARGET_NAME = "SPHTech-Assignment";
			};
			name = Debug;
		};
		A606D3CC244DE4E20043B5B3 /* Release */ = {
			isa = XCBuildConfiguration;
			buildSettings = {
				ALWAYS_EMBED_SWIFT_STANDARD_LIBRARIES = YES;
				CODE_SIGN_STYLE = Automatic;
				DEVELOPMENT_TEAM = SN5CZK5H72;
				INFOPLIST_FILE = "SPHTech-AssignmentUITests/Info.plist";
				LD_RUNPATH_SEARCH_PATHS = (
					"$(inherited)",
					"@executable_path/Frameworks",
					"@loader_path/Frameworks",
				);
				PRODUCT_BUNDLE_IDENTIFIER = "com.ios.canhtran.SPHTech.SPHTech-AssignmentUITests";
				PRODUCT_NAME = "$(TARGET_NAME)";
				SWIFT_VERSION = 5.0;
				TARGETED_DEVICE_FAMILY = "1,2";
				TEST_TARGET_NAME = "SPHTech-Assignment";
			};
			name = Release;
		};
/* End XCBuildConfiguration section */

/* Begin XCConfigurationList section */
		A606D395244DE4E00043B5B3 /* Build configuration list for PBXProject "SPHTech-Assignment" */ = {
			isa = XCConfigurationList;
			buildConfigurations = (
				A606D3C2244DE4E20043B5B3 /* Debug */,
				A606D3C3244DE4E20043B5B3 /* Release */,
			);
			defaultConfigurationIsVisible = 0;
			defaultConfigurationName = Release;
		};
		A606D3C4244DE4E20043B5B3 /* Build configuration list for PBXNativeTarget "SPHTech-Assignment" */ = {
			isa = XCConfigurationList;
			buildConfigurations = (
				A606D3C5244DE4E20043B5B3 /* Debug */,
				A606D3C6244DE4E20043B5B3 /* Release */,
			);
			defaultConfigurationIsVisible = 0;
			defaultConfigurationName = Release;
		};
		A606D3C7244DE4E20043B5B3 /* Build configuration list for PBXNativeTarget "SPHTech-AssignmentTests" */ = {
			isa = XCConfigurationList;
			buildConfigurations = (
				A606D3C8244DE4E20043B5B3 /* Debug */,
				A606D3C9244DE4E20043B5B3 /* Release */,
			);
			defaultConfigurationIsVisible = 0;
			defaultConfigurationName = Release;
		};
		A606D3CA244DE4E20043B5B3 /* Build configuration list for PBXNativeTarget "SPHTech-AssignmentUITests" */ = {
			isa = XCConfigurationList;
			buildConfigurations = (
				A606D3CB244DE4E20043B5B3 /* Debug */,
				A606D3CC244DE4E20043B5B3 /* Release */,
			);
			defaultConfigurationIsVisible = 0;
			defaultConfigurationName = Release;
		};
/* End XCConfigurationList section */
	};
	rootObject = A606D392244DE4E00043B5B3 /* Project object */;
}
